
Microsoft Visual Studio Solution File, Format Version 12.00
# Visual Studio 14
VisualStudioVersion = 14.0.25420.1
MinimumVisualStudioVersion = 10.0.40219.1
Project("{FAE04EC0-301F-11D3-BF4B-00C04F79EFBC}") = "MS.App", "MS.App\MS.App.csproj", "{FDC5B464-37C8-40F9-AFD8-552CFD4413DD}"
EndProject
Project("{FAE04EC0-301F-11D3-BF4B-00C04F79EFBC}") = "MS.Data", "MS.Data\MS.Data.csproj", "{B3799D51-3206-4224-84CA-72D6CB410C91}"
EndProject
Project("{FAE04EC0-301F-11D3-BF4B-00C04F79EFBC}") = "MS.Models", "MS.Models\MS.Models.csproj", "{D04D5B71-3817-42C7-96FF-3873AE2CA287}"
EndProject
Project("{FAE04EC0-301F-11D3-BF4B-00C04F79EFBC}") = "MS.Services", "MS.Services\MS.Services.csproj", "{F2AB35B1-9D91-4D7E-9D6E-B2CF72B9030E}"
EndProject
Project("{FAE04EC0-301F-11D3-BF4B-00C04F79EFBC}") = "MS.ViewModels", "MS.ViewModels\MS.ViewModels.csproj", "{BA6B05B6-9A91-4031-8710-CB5588676D12}"
EndProject
Project("{FAE04EC0-301F-11D3-BF4B-00C04F79EFBC}") = "MS.DTOModels", "MS.DTOModels\MS.DTOModels.csproj", "{13ACA832-B707-4686-9EC3-81B37854E4D9}"
EndProject
Global
	GlobalSection(SolutionConfigurationPlatforms) = preSolution
		Debug|Any CPU = Debug|Any CPU
		Release|Any CPU = Release|Any CPU
	EndGlobalSection
	GlobalSection(ProjectConfigurationPlatforms) = postSolution
		{FDC5B464-37C8-40F9-AFD8-552CFD4413DD}.Debug|Any CPU.ActiveCfg = Debug|Any CPU
		{FDC5B464-37C8-40F9-AFD8-552CFD4413DD}.Debug|Any CPU.Build.0 = Debug|Any CPU
		{FDC5B464-37C8-40F9-AFD8-552CFD4413DD}.Release|Any CPU.ActiveCfg = Release|Any CPU
		{FDC5B464-37C8-40F9-AFD8-552CFD4413DD}.Release|Any CPU.Build.0 = Release|Any CPU
		{B3799D51-3206-4224-84CA-72D6CB410C91}.Debug|Any CPU.ActiveCfg = Debug|Any CPU
		{B3799D51-3206-4224-84CA-72D6CB410C91}.Debug|Any CPU.Build.0 = Debug|Any CPU
		{B3799D51-3206-4224-84CA-72D6CB410C91}.Release|Any CPU.ActiveCfg = Release|Any CPU
		{B3799D51-3206-4224-84CA-72D6CB410C91}.Release|Any CPU.Build.0 = Release|Any CPU
		{D04D5B71-3817-42C7-96FF-3873AE2CA287}.Debug|Any CPU.ActiveCfg = Debug|Any CPU
		{D04D5B71-3817-42C7-96FF-3873AE2CA287}.Debug|Any CPU.Build.0 = Debug|Any CPU
		{D04D5B71-3817-42C7-96FF-3873AE2CA287}.Release|Any CPU.ActiveCfg = Release|Any CPU
		{D04D5B71-3817-42C7-96FF-3873AE2CA287}.Release|Any CPU.Build.0 = Release|Any CPU
		{F2AB35B1-9D91-4D7E-9D6E-B2CF72B9030E}.Debug|Any CPU.ActiveCfg = Debug|Any CPU
		{F2AB35B1-9D91-4D7E-9D6E-B2CF72B9030E}.Debug|Any CPU.Build.0 = Debug|Any CPU
		{F2AB35B1-9D91-4D7E-9D6E-B2CF72B9030E}.Release|Any CPU.ActiveCfg = Release|Any CPU
		{F2AB35B1-9D91-4D7E-9D6E-B2CF72B9030E}.Release|Any CPU.Build.0 = Release|Any CPU
		{BA6B05B6-9A91-4031-8710-CB5588676D12}.Debug|Any CPU.ActiveCfg = Debug|Any CPU
		{BA6B05B6-9A91-4031-8710-CB5588676D12}.Debug|Any CPU.Build.0 = Debug|Any CPU
		{BA6B05B6-9A91-4031-8710-CB5588676D12}.Release|Any CPU.ActiveCfg = Release|Any CPU
		{BA6B05B6-9A91-4031-8710-CB5588676D12}.Release|Any CPU.Build.0 = Release|Any CPU
		{13ACA832-B707-4686-9EC3-81B37854E4D9}.Debug|Any CPU.ActiveCfg = Debug|Any CPU
		{13ACA832-B707-4686-9EC3-81B37854E4D9}.Debug|Any CPU.Build.0 = Debug|Any CPU
		{13ACA832-B707-4686-9EC3-81B37854E4D9}.Release|Any CPU.ActiveCfg = Release|Any CPU
		{13ACA832-B707-4686-9EC3-81B37854E4D9}.Release|Any CPU.Build.0 = Release|Any CPU
	EndGlobalSection
	GlobalSection(SolutionProperties) = preSolution
		HideSolutionNode = FALSE
	EndGlobalSection
EndGlobal
